
Microsoft Visual Studio Solution File, Format Version 12.00
# Visual Studio Version 16
VisualStudioVersion = 16.0.30002.166
MinimumVisualStudioVersion = 10.0.40219.1
Project("{FAE04EC0-301F-11D3-BF4B-00C04F79EFBC}") = "MathAndComparisonOperations", "MathAndComparisonOperations.csproj", "{B322AD25-2430-47EB-9B6F-3600F489041F}"
EndProject
Global
	GlobalSection(SolutionConfigurationPlatforms) = preSolution
		Debug|Any CPU = Debug|Any CPU
		Release|Any CPU = Release|Any CPU
	EndGlobalSection
	GlobalSection(ProjectConfigurationPlatforms) = postSolution
		{B322AD25-2430-47EB-9B6F-3600F489041F}.Debug|Any CPU.ActiveCfg = Debug|Any CPU
		{B322AD25-2430-47EB-9B6F-3600F489041F}.Debug|Any CPU.Build.0 = Debug|Any CPU
		{B322AD25-2430-47EB-9B6F-3600F489041F}.Release|Any CPU.ActiveCfg = Release|Any CPU
		{B322AD25-2430-47EB-9B6F-3600F489041F}.Release|Any CPU.Build.0 = Release|Any CPU
	EndGlobalSection
	GlobalSection(SolutionProperties) = preSolution
		HideSolutionNode = FALSE
	EndGlobalSection
	GlobalSection(ExtensibilityGlobals) = postSolution
		SolutionGuid = {8199E73C-6796-42E7-A884-ACC4A22F0AC2}
	EndGlobalSection
EndGlobal
