
Microsoft Visual Studio Solution File, Format Version 12.00
# Visual Studio Version 16
VisualStudioVersion = 16.0.30002.166
MinimumVisualStudioVersion = 10.0.40219.1
Project("{FAE04EC0-301F-11D3-BF4B-00C04F79EFBC}") = "Do While Assignment", "Do While Assignment.csproj", "{061F1591-B6D2-474D-A01B-D2FAF369D5C3}"
EndProject
Global
	GlobalSection(SolutionConfigurationPlatforms) = preSolution
		Debug|Any CPU = Debug|Any CPU
		Release|Any CPU = Release|Any CPU
	EndGlobalSection
	GlobalSection(ProjectConfigurationPlatforms) = postSolution
		{061F1591-B6D2-474D-A01B-D2FAF369D5C3}.Debug|Any CPU.ActiveCfg = Debug|Any CPU
		{061F1591-B6D2-474D-A01B-D2FAF369D5C3}.Debug|Any CPU.Build.0 = Debug|Any CPU
		{061F1591-B6D2-474D-A01B-D2FAF369D5C3}.Release|Any CPU.ActiveCfg = Release|Any CPU
		{061F1591-B6D2-474D-A01B-D2FAF369D5C3}.Release|Any CPU.Build.0 = Release|Any CPU
	EndGlobalSection
	GlobalSection(SolutionProperties) = preSolution
		HideSolutionNode = FALSE
	EndGlobalSection
	GlobalSection(ExtensibilityGlobals) = postSolution
		SolutionGuid = {C1A76B75-BF26-40AF-A4D8-8A544D53E505}
	EndGlobalSection
EndGlobal
