
Microsoft Visual Studio Solution File, Format Version 12.00
# Visual Studio Version 16
VisualStudioVersion = 16.0.30002.166
MinimumVisualStudioVersion = 10.0.40219.1
Project("{FAE04EC0-301F-11D3-BF4B-00C04F79EFBC}") = "Const Variable Constructor Chain 230", "Const Variable Constructor Chain 230.csproj", "{6F0E1A4D-98BB-4187-8A50-C69BA3FE213D}"
EndProject
Global
	GlobalSection(SolutionConfigurationPlatforms) = preSolution
		Debug|Any CPU = Debug|Any CPU
		Release|Any CPU = Release|Any CPU
	EndGlobalSection
	GlobalSection(ProjectConfigurationPlatforms) = postSolution
		{6F0E1A4D-98BB-4187-8A50-C69BA3FE213D}.Debug|Any CPU.ActiveCfg = Debug|Any CPU
		{6F0E1A4D-98BB-4187-8A50-C69BA3FE213D}.Debug|Any CPU.Build.0 = Debug|Any CPU
		{6F0E1A4D-98BB-4187-8A50-C69BA3FE213D}.Release|Any CPU.ActiveCfg = Release|Any CPU
		{6F0E1A4D-98BB-4187-8A50-C69BA3FE213D}.Release|Any CPU.Build.0 = Release|Any CPU
	EndGlobalSection
	GlobalSection(SolutionProperties) = preSolution
		HideSolutionNode = FALSE
	EndGlobalSection
	GlobalSection(ExtensibilityGlobals) = postSolution
		SolutionGuid = {E9E97C1D-4069-4A61-B033-451BEE0BF5CB}
	EndGlobalSection
EndGlobal
