
Microsoft Visual Studio Solution File, Format Version 12.00
# Visual Studio Version 16
VisualStudioVersion = 16.0.30002.166
MinimumVisualStudioVersion = 10.0.40219.1
Project("{FAE04EC0-301F-11D3-BF4B-00C04F79EFBC}") = "Anonymous Income Comparison", "Anonymous Income Comparison.csproj", "{81B21F3A-99E4-4DFC-B1F6-D0C600395810}"
EndProject
Global
	GlobalSection(SolutionConfigurationPlatforms) = preSolution
		Debug|Any CPU = Debug|Any CPU
		Release|Any CPU = Release|Any CPU
	EndGlobalSection
	GlobalSection(ProjectConfigurationPlatforms) = postSolution
		{81B21F3A-99E4-4DFC-B1F6-D0C600395810}.Debug|Any CPU.ActiveCfg = Debug|Any CPU
		{81B21F3A-99E4-4DFC-B1F6-D0C600395810}.Debug|Any CPU.Build.0 = Debug|Any CPU
		{81B21F3A-99E4-4DFC-B1F6-D0C600395810}.Release|Any CPU.ActiveCfg = Release|Any CPU
		{81B21F3A-99E4-4DFC-B1F6-D0C600395810}.Release|Any CPU.Build.0 = Release|Any CPU
	EndGlobalSection
	GlobalSection(SolutionProperties) = preSolution
		HideSolutionNode = FALSE
	EndGlobalSection
	GlobalSection(ExtensibilityGlobals) = postSolution
		SolutionGuid = {C5071C03-72D3-47F4-9A1F-D3DA1CC81FFE}
	EndGlobalSection
EndGlobal
